
Microsoft Visual Studio Solution File, Format Version 12.00
# Visual Studio 15
Project("{FAE04EC0-301F-11D3-BF4B-00C04F79EFBC}") = "Assembly-CSharp", "Assembly-CSharp.csproj", "{8DA942D7-5932-E74F-F7C8-35E770DD7D13}"
EndProject
Project("{FAE04EC0-301F-11D3-BF4B-00C04F79EFBC}") = "Assembly-CSharp-Editor", "Assembly-CSharp-Editor.csproj", "{DEE1CE48-43A9-6A22-93E8-7D40A4A70EAE}"
EndProject
Global
	GlobalSection(SolutionConfigurationPlatforms) = preSolution
		Debug|Any CPU = Debug|Any CPU
		Release|Any CPU = Release|Any CPU
	EndGlobalSection
	GlobalSection(ProjectConfigurationPlatforms) = postSolution
		{8DA942D7-5932-E74F-F7C8-35E770DD7D13}.Debug|Any CPU.ActiveCfg = Debug|Any CPU
		{8DA942D7-5932-E74F-F7C8-35E770DD7D13}.Debug|Any CPU.Build.0 = Debug|Any CPU
		{8DA942D7-5932-E74F-F7C8-35E770DD7D13}.Release|Any CPU.ActiveCfg = Release|Any CPU
		{8DA942D7-5932-E74F-F7C8-35E770DD7D13}.Release|Any CPU.Build.0 = Release|Any CPU
		{DEE1CE48-43A9-6A22-93E8-7D40A4A70EAE}.Debug|Any CPU.ActiveCfg = Debug|Any CPU
		{DEE1CE48-43A9-6A22-93E8-7D40A4A70EAE}.Debug|Any CPU.Build.0 = Debug|Any CPU
		{DEE1CE48-43A9-6A22-93E8-7D40A4A70EAE}.Release|Any CPU.ActiveCfg = Release|Any CPU
		{DEE1CE48-43A9-6A22-93E8-7D40A4A70EAE}.Release|Any CPU.Build.0 = Release|Any CPU
	EndGlobalSection
	GlobalSection(SolutionProperties) = preSolution
		HideSolutionNode = FALSE
	EndGlobalSection
EndGlobal
